
Microsoft Visual Studio Solution File, Format Version 12.00
# Visual Studio 14
VisualStudioVersion = 14.0.25420.1
MinimumVisualStudioVersion = 10.0.40219.1
Project("{8BC9CEB8-8B4A-11D0-8D11-00A0C91BC942}") = "ofn++", "ofn++\ofn++.vcxproj", "{7442BF11-4480-4E15-B0CC-863BC6FA3A9C}"
EndProject
Project("{8BC9CEB8-8B4A-11D0-8D11-00A0C91BC942}") = "ofnlab", "ofnlab\ofnlab.vcxproj", "{D71F4C3E-42F6-4DFA-8AE9-DE08D964971B}"
	ProjectSection(ProjectDependencies) = postProject
		{7442BF11-4480-4E15-B0CC-863BC6FA3A9C} = {7442BF11-4480-4E15-B0CC-863BC6FA3A9C}
	EndProjectSection
EndProject
Global
	GlobalSection(SolutionConfigurationPlatforms) = preSolution
		Debug|x64 = Debug|x64
		Debug|x86 = Debug|x86
		Release|x64 = Release|x64
		Release|x86 = Release|x86
	EndGlobalSection
	GlobalSection(ProjectConfigurationPlatforms) = postSolution
		{7442BF11-4480-4E15-B0CC-863BC6FA3A9C}.Debug|x64.ActiveCfg = Debug|x64
		{7442BF11-4480-4E15-B0CC-863BC6FA3A9C}.Debug|x64.Build.0 = Debug|x64
		{7442BF11-4480-4E15-B0CC-863BC6FA3A9C}.Debug|x86.ActiveCfg = Debug|Win32
		{7442BF11-4480-4E15-B0CC-863BC6FA3A9C}.Debug|x86.Build.0 = Debug|Win32
		{7442BF11-4480-4E15-B0CC-863BC6FA3A9C}.Release|x64.ActiveCfg = Release|x64
		{7442BF11-4480-4E15-B0CC-863BC6FA3A9C}.Release|x64.Build.0 = Release|x64
		{7442BF11-4480-4E15-B0CC-863BC6FA3A9C}.Release|x86.ActiveCfg = Release|Win32
		{7442BF11-4480-4E15-B0CC-863BC6FA3A9C}.Release|x86.Build.0 = Release|Win32
		{D71F4C3E-42F6-4DFA-8AE9-DE08D964971B}.Debug|x64.ActiveCfg = Debug|x64
		{D71F4C3E-42F6-4DFA-8AE9-DE08D964971B}.Debug|x64.Build.0 = Debug|x64
		{D71F4C3E-42F6-4DFA-8AE9-DE08D964971B}.Debug|x86.ActiveCfg = Debug|Win32
		{D71F4C3E-42F6-4DFA-8AE9-DE08D964971B}.Debug|x86.Build.0 = Debug|Win32
		{D71F4C3E-42F6-4DFA-8AE9-DE08D964971B}.Release|x64.ActiveCfg = Release|x64
		{D71F4C3E-42F6-4DFA-8AE9-DE08D964971B}.Release|x64.Build.0 = Release|x64
		{D71F4C3E-42F6-4DFA-8AE9-DE08D964971B}.Release|x86.ActiveCfg = Release|Win32
		{D71F4C3E-42F6-4DFA-8AE9-DE08D964971B}.Release|x86.Build.0 = Release|Win32
	EndGlobalSection
	GlobalSection(SolutionProperties) = preSolution
		HideSolutionNode = FALSE
	EndGlobalSection
EndGlobal
